lockfileVersion: '6.0'

settings:
  autoInstallPeers: true
  excludeLinksFromLockfile: false

dependencies:
  ua-parser-js:
    specifier: ^1.0.35
    version: 1.0.35

packages:

  /ua-parser-js@1.0.35:
    resolution: {integrity: sha512-fKnGuqmTBnIE+/KXSzCn4db8RTigUzw1AN0DmdU6hJovUTbYJKyqj+8Mt1c4VfRDnOVJnENmfYkIPZ946UrSAA==}
    dev: false
